
Microsoft Visual Studio Solution File, Format Version 11.00
# Visual Studio 2010
Project("{FAE04EC0-301F-11D3-BF4B-00C04F79EFBC}") = "3DSolarSystem", "3DSolarSystem\3DSolarSystem\3DSolarSystem.csproj", "{889E4A36-1684-46B0-AEC3-E694CE7EECE9}"
EndProject
Project("{96E2B04D-8817-42C6-938A-82C39BA4D311}") = "3DSolarSystemContent", "3DSolarSystem\3DSolarSystemContent\3DSolarSystemContent.contentproj", "{A558D8F6-79E4-46D8-9F5C-AE1F67136540}"
EndProject
Global
	GlobalSection(SolutionConfigurationPlatforms) = preSolution
		Debug|x86 = Debug|x86
		Release|x86 = Release|x86
	EndGlobalSection
	GlobalSection(ProjectConfigurationPlatforms) = postSolution
		{889E4A36-1684-46B0-AEC3-E694CE7EECE9}.Debug|x86.ActiveCfg = Debug|x86
		{889E4A36-1684-46B0-AEC3-E694CE7EECE9}.Debug|x86.Build.0 = Debug|x86
		{889E4A36-1684-46B0-AEC3-E694CE7EECE9}.Release|x86.ActiveCfg = Release|x86
		{889E4A36-1684-46B0-AEC3-E694CE7EECE9}.Release|x86.Build.0 = Release|x86
		{A558D8F6-79E4-46D8-9F5C-AE1F67136540}.Debug|x86.ActiveCfg = Debug|x86
		{A558D8F6-79E4-46D8-9F5C-AE1F67136540}.Release|x86.ActiveCfg = Release|x86
	EndGlobalSection
	GlobalSection(SolutionProperties) = preSolution
		HideSolutionNode = FALSE
	EndGlobalSection
EndGlobal
