
Microsoft Visual Studio Solution File, Format Version 11.00
# Visual Studio 2010
Project("{FAE04EC0-301F-11D3-BF4B-00C04F79EFBC}") = "DuckHunt", "DuckHunt\DuckHunt\DuckHunt.csproj", "{66B7C65F-F122-4A47-A17F-822D7E3AE76D}"
EndProject
Project("{96E2B04D-8817-42C6-938A-82C39BA4D311}") = "DuckHuntContent", "DuckHunt\DuckHuntContent\DuckHuntContent.contentproj", "{4A1885BE-2CB0-4219-8B48-3CE71EB8C6F2}"
EndProject
Global
	GlobalSection(SolutionConfigurationPlatforms) = preSolution
		Debug|x86 = Debug|x86
		Release|x86 = Release|x86
	EndGlobalSection
	GlobalSection(ProjectConfigurationPlatforms) = postSolution
		{66B7C65F-F122-4A47-A17F-822D7E3AE76D}.Debug|x86.ActiveCfg = Debug|x86
		{66B7C65F-F122-4A47-A17F-822D7E3AE76D}.Debug|x86.Build.0 = Debug|x86
		{66B7C65F-F122-4A47-A17F-822D7E3AE76D}.Release|x86.ActiveCfg = Release|x86
		{66B7C65F-F122-4A47-A17F-822D7E3AE76D}.Release|x86.Build.0 = Release|x86
		{4A1885BE-2CB0-4219-8B48-3CE71EB8C6F2}.Debug|x86.ActiveCfg = Debug|x86
		{4A1885BE-2CB0-4219-8B48-3CE71EB8C6F2}.Release|x86.ActiveCfg = Release|x86
	EndGlobalSection
	GlobalSection(SolutionProperties) = preSolution
		HideSolutionNode = FALSE
	EndGlobalSection
EndGlobal
